
Microsoft Visual Studio Solution File, Format Version 12.00
# Visual Studio Version 17
VisualStudioVersion = 17.7.34031.279
MinimumVisualStudioVersion = 10.0.40219.1
Project("{FAE04EC0-301F-11D3-BF4B-00C04F79EFBC}") = "test", "test.csproj", "{A929E499-2F85-4BD6-A48A-BA22F23FB8BB}"
EndProject
Global
	GlobalSection(SolutionConfigurationPlatforms) = preSolution
		Debug|Any CPU = Debug|Any CPU
		Release|Any CPU = Release|Any CPU
	EndGlobalSection
	GlobalSection(ProjectConfigurationPlatforms) = postSolution
		{A929E499-2F85-4BD6-A48A-BA22F23FB8BB}.Debug|Any CPU.ActiveCfg = Debug|Any CPU
		{A929E499-2F85-4BD6-A48A-BA22F23FB8BB}.Debug|Any CPU.Build.0 = Debug|Any CPU
		{A929E499-2F85-4BD6-A48A-BA22F23FB8BB}.Release|Any CPU.ActiveCfg = Release|Any CPU
		{A929E499-2F85-4BD6-A48A-BA22F23FB8BB}.Release|Any CPU.Build.0 = Release|Any CPU
	EndGlobalSection
	GlobalSection(SolutionProperties) = preSolution
		HideSolutionNode = FALSE
	EndGlobalSection
	GlobalSection(ExtensibilityGlobals) = postSolution
		SolutionGuid = {1A628777-533C-4E1E-B733-05446E24EF66}
	EndGlobalSection
EndGlobal
