
Microsoft Visual Studio Solution File, Format Version 12.00
# Visual Studio Version 17
VisualStudioVersion = 17.7.34031.279
MinimumVisualStudioVersion = 10.0.40219.1
Project("{FAE04EC0-301F-11D3-BF4B-00C04F79EFBC}") = "testLog", "testLog.csproj", "{728990B6-5FBC-4D28-9869-E3A11F7140D1}"
EndProject
Project("{FAE04EC0-301F-11D3-BF4B-00C04F79EFBC}") = "LogForNetHelper", "..\LogForNetHelper\LogForNetHelper.csproj", "{FC69EB10-EB5C-461D-A150-B0C2D9C5E902}"
EndProject
Global
	GlobalSection(SolutionConfigurationPlatforms) = preSolution
		Debug|Any CPU = Debug|Any CPU
		Release|Any CPU = Release|Any CPU
	EndGlobalSection
	GlobalSection(ProjectConfigurationPlatforms) = postSolution
		{728990B6-5FBC-4D28-9869-E3A11F7140D1}.Debug|Any CPU.ActiveCfg = Debug|Any CPU
		{728990B6-5FBC-4D28-9869-E3A11F7140D1}.Debug|Any CPU.Build.0 = Debug|Any CPU
		{728990B6-5FBC-4D28-9869-E3A11F7140D1}.Release|Any CPU.ActiveCfg = Release|Any CPU
		{728990B6-5FBC-4D28-9869-E3A11F7140D1}.Release|Any CPU.Build.0 = Release|Any CPU
		{FC69EB10-EB5C-461D-A150-B0C2D9C5E902}.Debug|Any CPU.ActiveCfg = Debug|Any CPU
		{FC69EB10-EB5C-461D-A150-B0C2D9C5E902}.Debug|Any CPU.Build.0 = Debug|Any CPU
		{FC69EB10-EB5C-461D-A150-B0C2D9C5E902}.Release|Any CPU.ActiveCfg = Release|Any CPU
		{FC69EB10-EB5C-461D-A150-B0C2D9C5E902}.Release|Any CPU.Build.0 = Release|Any CPU
	EndGlobalSection
	GlobalSection(SolutionProperties) = preSolution
		HideSolutionNode = FALSE
	EndGlobalSection
	GlobalSection(ExtensibilityGlobals) = postSolution
		SolutionGuid = {C2D71A8D-58FA-4C0F-8F84-BFDECE63589F}
	EndGlobalSection
EndGlobal
