
Microsoft Visual Studio Solution File, Format Version 12.00
# Visual Studio Version 16
VisualStudioVersion = 16.0.34114.132
MinimumVisualStudioVersion = 10.0.40219.1
Project("{FAE04EC0-301F-11D3-BF4B-00C04F79EFBC}") = "download", "download\download.csproj", "{A496CC11-8BAD-4CC9-BB8E-8AC6E5B71F98}"
EndProject
Global
	GlobalSection(SolutionConfigurationPlatforms) = preSolution
		Debug|Any CPU = Debug|Any CPU
		Release|Any CPU = Release|Any CPU
	EndGlobalSection
	GlobalSection(ProjectConfigurationPlatforms) = postSolution
		{A496CC11-8BAD-4CC9-BB8E-8AC6E5B71F98}.Debug|Any CPU.ActiveCfg = Debug|Any CPU
		{A496CC11-8BAD-4CC9-BB8E-8AC6E5B71F98}.Debug|Any CPU.Build.0 = Debug|Any CPU
		{A496CC11-8BAD-4CC9-BB8E-8AC6E5B71F98}.Release|Any CPU.ActiveCfg = Release|Any CPU
		{A496CC11-8BAD-4CC9-BB8E-8AC6E5B71F98}.Release|Any CPU.Build.0 = Release|Any CPU
	EndGlobalSection
	GlobalSection(SolutionProperties) = preSolution
		HideSolutionNode = FALSE
	EndGlobalSection
	GlobalSection(ExtensibilityGlobals) = postSolution
		SolutionGuid = {3E80771C-B08E-40F5-976A-7966BC523A93}
	EndGlobalSection
EndGlobal
